
Microsoft Visual Studio Solution File, Format Version 12.00
# Visual Studio Version 17
VisualStudioVersion = 17.0.31903.59
MinimumVisualStudioVersion = 10.0.40219.1
Project("{FAE04EC0-301F-11D3-BF4B-00C04F79EFBC}") = "LogisticsApp.Api", "LogisticsApp.Api\LogisticsApp.Api.csproj", "{C3921A42-51DE-442C-B835-43F95116B241}"
EndProject
Project("{FAE04EC0-301F-11D3-BF4B-00C04F79EFBC}") = "LogisticsApp.Contracts", "LogisticsApp.Contracts\LogisticsApp.Contracts.csproj", "{26BF21C3-24BF-41E4-A132-838CB568A609}"
EndProject
Project("{FAE04EC0-301F-11D3-BF4B-00C04F79EFBC}") = "LogisticsApp.Infrastructure", "LogisticsApp.Infrastructure\LogisticsApp.Infrastructure.csproj", "{1865A88F-F977-4421-BCB9-73039440E3BD}"
EndProject
Project("{FAE04EC0-301F-11D3-BF4B-00C04F79EFBC}") = "LogisticsApp.Application", "LogisticsApp.Application\LogisticsApp.Application.csproj", "{48125776-B683-40E8-A9B8-810810D82B0A}"
EndProject
Project("{FAE04EC0-301F-11D3-BF4B-00C04F79EFBC}") = "LogisticsApp.Domain", "LogisticsApp.Domain\LogisticsApp.Domain.csproj", "{9BD1657D-2AFD-4FA0-83E8-9B12C7B83184}"
EndProject
Project("{FAE04EC0-301F-11D3-BF4B-00C04F79EFBC}") = "LogisticsApp.Tests", "LogisticsApp.Tests\LogisticsApp.Tests.csproj", "{742B39F6-A8BD-42D6-8EC7-675727AF56B2}"
EndProject
Global
	GlobalSection(SolutionConfigurationPlatforms) = preSolution
		Debug|Any CPU = Debug|Any CPU
		Release|Any CPU = Release|Any CPU
	EndGlobalSection
	GlobalSection(SolutionProperties) = preSolution
		HideSolutionNode = FALSE
	EndGlobalSection
	GlobalSection(ProjectConfigurationPlatforms) = postSolution
		{C3921A42-51DE-442C-B835-43F95116B241}.Debug|Any CPU.ActiveCfg = Debug|Any CPU
		{C3921A42-51DE-442C-B835-43F95116B241}.Debug|Any CPU.Build.0 = Debug|Any CPU
		{C3921A42-51DE-442C-B835-43F95116B241}.Release|Any CPU.ActiveCfg = Release|Any CPU
		{C3921A42-51DE-442C-B835-43F95116B241}.Release|Any CPU.Build.0 = Release|Any CPU
		{26BF21C3-24BF-41E4-A132-838CB568A609}.Debug|Any CPU.ActiveCfg = Debug|Any CPU
		{26BF21C3-24BF-41E4-A132-838CB568A609}.Debug|Any CPU.Build.0 = Debug|Any CPU
		{26BF21C3-24BF-41E4-A132-838CB568A609}.Release|Any CPU.ActiveCfg = Release|Any CPU
		{26BF21C3-24BF-41E4-A132-838CB568A609}.Release|Any CPU.Build.0 = Release|Any CPU
		{1865A88F-F977-4421-BCB9-73039440E3BD}.Debug|Any CPU.ActiveCfg = Debug|Any CPU
		{1865A88F-F977-4421-BCB9-73039440E3BD}.Debug|Any CPU.Build.0 = Debug|Any CPU
		{1865A88F-F977-4421-BCB9-73039440E3BD}.Release|Any CPU.ActiveCfg = Release|Any CPU
		{1865A88F-F977-4421-BCB9-73039440E3BD}.Release|Any CPU.Build.0 = Release|Any CPU
		{48125776-B683-40E8-A9B8-810810D82B0A}.Debug|Any CPU.ActiveCfg = Debug|Any CPU
		{48125776-B683-40E8-A9B8-810810D82B0A}.Debug|Any CPU.Build.0 = Debug|Any CPU
		{48125776-B683-40E8-A9B8-810810D82B0A}.Release|Any CPU.ActiveCfg = Release|Any CPU
		{48125776-B683-40E8-A9B8-810810D82B0A}.Release|Any CPU.Build.0 = Release|Any CPU
		{9BD1657D-2AFD-4FA0-83E8-9B12C7B83184}.Debug|Any CPU.ActiveCfg = Debug|Any CPU
		{9BD1657D-2AFD-4FA0-83E8-9B12C7B83184}.Debug|Any CPU.Build.0 = Debug|Any CPU
		{9BD1657D-2AFD-4FA0-83E8-9B12C7B83184}.Release|Any CPU.ActiveCfg = Release|Any CPU
		{9BD1657D-2AFD-4FA0-83E8-9B12C7B83184}.Release|Any CPU.Build.0 = Release|Any CPU
		{742B39F6-A8BD-42D6-8EC7-675727AF56B2}.Debug|Any CPU.ActiveCfg = Debug|Any CPU
		{742B39F6-A8BD-42D6-8EC7-675727AF56B2}.Debug|Any CPU.Build.0 = Debug|Any CPU
		{742B39F6-A8BD-42D6-8EC7-675727AF56B2}.Release|Any CPU.ActiveCfg = Release|Any CPU
		{742B39F6-A8BD-42D6-8EC7-675727AF56B2}.Release|Any CPU.Build.0 = Release|Any CPU
	EndGlobalSection
EndGlobal
